
Microsoft Visual Studio Solution File, Format Version 12.00
# Visual Studio Version 17
VisualStudioVersion = 17.6.33829.357
MinimumVisualStudioVersion = 10.0.40219.1
Project("{FAE04EC0-301F-11D3-BF4B-00C04F79EFBC}") = "TaskTimelinePlanner", "TaskTimelinePlanner\TaskTimelinePlanner.csproj", "{16002FBC-BF4D-499F-ADF8-7D5EC2DF6923}"
EndProject
Global
	GlobalSection(SolutionConfigurationPlatforms) = preSolution
		Debug|Any CPU = Debug|Any CPU
		Release|Any CPU = Release|Any CPU
	EndGlobalSection
	GlobalSection(ProjectConfigurationPlatforms) = postSolution
		{16002FBC-BF4D-499F-ADF8-7D5EC2DF6923}.Debug|Any CPU.ActiveCfg = Debug|Any CPU
		{16002FBC-BF4D-499F-ADF8-7D5EC2DF6923}.Debug|Any CPU.Build.0 = Debug|Any CPU
		{16002FBC-BF4D-499F-ADF8-7D5EC2DF6923}.Release|Any CPU.ActiveCfg = Release|Any CPU
		{16002FBC-BF4D-499F-ADF8-7D5EC2DF6923}.Release|Any CPU.Build.0 = Release|Any CPU
	EndGlobalSection
	GlobalSection(SolutionProperties) = preSolution
		HideSolutionNode = FALSE
	EndGlobalSection
	GlobalSection(ExtensibilityGlobals) = postSolution
		SolutionGuid = {B3A3B6AA-FD21-4036-BF9C-5B9E6BDFA84D}
	EndGlobalSection
EndGlobal
